
Microsoft Visual Studio Solution File, Format Version 12.00
# Visual Studio Version 16
VisualStudioVersion = 16.0.31025.194
MinimumVisualStudioVersion = 10.0.40219.1
Project("{FAE04EC0-301F-11D3-BF4B-00C04F79EFBC}") = "address", "address\address.csproj", "{28737809-B081-4664-B4A1-D81998F2A647}"
EndProject
Global
	GlobalSection(SolutionConfigurationPlatforms) = preSolution
		Debug|Any CPU = Debug|Any CPU
		Release|Any CPU = Release|Any CPU
	EndGlobalSection
	GlobalSection(ProjectConfigurationPlatforms) = postSolution
		{28737809-B081-4664-B4A1-D81998F2A647}.Debug|Any CPU.ActiveCfg = Debug|Any CPU
		{28737809-B081-4664-B4A1-D81998F2A647}.Debug|Any CPU.Build.0 = Debug|Any CPU
		{28737809-B081-4664-B4A1-D81998F2A647}.Release|Any CPU.ActiveCfg = Release|Any CPU
		{28737809-B081-4664-B4A1-D81998F2A647}.Release|Any CPU.Build.0 = Release|Any CPU
	EndGlobalSection
	GlobalSection(SolutionProperties) = preSolution
		HideSolutionNode = FALSE
	EndGlobalSection
	GlobalSection(ExtensibilityGlobals) = postSolution
		SolutionGuid = {D2B825DA-FDDE-41AD-8EF4-54AE655F0315}
	EndGlobalSection
EndGlobal
